<?xml version="1.0" encoding="utf-8" ?>
<Project ToolsVersion="4.0" xmlns="http://schemas.microsoft.com/developer/msbuild/2003">
    <ItemGroup>
        <Filter Include="Engine">
            <UniqueIdentifier>{E718B57E-9B3C-47EF-A538-AB8CBA9451EE}</UniqueIdentifier>
        </Filter>
        <Filter Include="Engine\Config">
            <UniqueIdentifier>{A8094280-86A8-4273-BB44-6750B445945D}</UniqueIdentifier>
        </Filter>
        <Filter Include="Engine\Config\Core">
            <UniqueIdentifier>{7780B12D-CC07-4AE9-8128-7D02376C6AAB}</UniqueIdentifier>
        </Filter>
        <Filter Include="Engine\Core">
            <UniqueIdentifier>{5D6D395D-DBAA-4B5B-8E32-5902A989C776}</UniqueIdentifier>
        </Filter>
        <Filter Include="Engine\Debug">
            <UniqueIdentifier>{C6574581-E6D2-4DF4-A521-8A80CFE17097}</UniqueIdentifier>
        </Filter>
        <Filter Include="Engine\Debug\Log">
            <UniqueIdentifier>{0FEC0239-061C-4410-AE1D-598A063F2FB2}</UniqueIdentifier>
        </Filter>
        <Filter Include="Engine\Platform">
            <UniqueIdentifier>{A9FFD8A4-3173-4B33-A18A-38EA3150C2E8}</UniqueIdentifier>
        </Filter>
        <Filter Include="Engine\Platform\Windows">
            <UniqueIdentifier>{2FB8CA08-3E7F-4548-BE32-EFCA5370927B}</UniqueIdentifier>
        </Filter>
        <Filter Include="simple_library">
            <UniqueIdentifier>{4227BCF9-11C8-441F-A562-CEA8DCFE5275}</UniqueIdentifier>
        </Filter>
        <Filter Include="simple_library\private">
            <UniqueIdentifier>{D26A44F3-4123-47C0-9A59-561110E34305}</UniqueIdentifier>
        </Filter>
        <Filter Include="simple_library\private\simple_channel">
            <UniqueIdentifier>{3FAB7553-C3BD-4ED6-9F82-4B1094CFA5AC}</UniqueIdentifier>
        </Filter>
        <Filter Include="simple_library\private\simple_channel\simple_io_stream">
            <UniqueIdentifier>{540F42C0-6A62-4B49-8772-9907D8C825B9}</UniqueIdentifier>
        </Filter>
        <Filter Include="simple_library\private\simple_channel\simple_net_channel">
            <UniqueIdentifier>{E79AAE31-9B46-4196-A539-939E5DDD107E}</UniqueIdentifier>
        </Filter>
        <Filter Include="simple_library\private\simple_channel\simple_net_connetion">
            <UniqueIdentifier>{C8145F48-62CE-4427-9CF2-59DC1B3211B0}</UniqueIdentifier>
        </Filter>
        <Filter Include="simple_library\private\simple_channel\simple_net_drive">
            <UniqueIdentifier>{A1DFC684-A9F7-4C58-BA5A-E2A43B953B64}</UniqueIdentifier>
        </Filter>
        <Filter Include="simple_library\private\simple_core_minimal">
            <UniqueIdentifier>{CFF1DC15-D5C3-4A44-A6DB-3331324944FF}</UniqueIdentifier>
        </Filter>
        <Filter Include="simple_library\private\simple_core_minimal\simple_c_core">
            <UniqueIdentifier>{4706CCB9-3328-4310-AD00-2EEC6DAB28C4}</UniqueIdentifier>
        </Filter>
        <Filter Include="simple_library\private\simple_core_minimal\simple_c_core\simple_c_array">
            <UniqueIdentifier>{223457A1-F50E-4FE9-800C-0B99060AF587}</UniqueIdentifier>
        </Filter>
        <Filter Include="simple_library\private\simple_core_minimal\simple_c_core\simple_c_string_algorithm">
            <UniqueIdentifier>{6B7CB0C6-934F-4B22-9A35-B4B41D5B291C}</UniqueIdentifier>
        </Filter>
        <Filter Include="simple_library\private\simple_core_minimal\simple_c_guid">
            <UniqueIdentifier>{670FAD05-14BF-4483-B4ED-CCAF4D045E24}</UniqueIdentifier>
        </Filter>
        <Filter Include="simple_library\private\simple_core_minimal\simple_c_helper_file">
            <UniqueIdentifier>{4DAE1642-F34F-4EB0-A89B-77D2B4CFF8EA}</UniqueIdentifier>
        </Filter>
        <Filter Include="simple_library\private\simple_core_minimal\simple_c_path">
            <UniqueIdentifier>{4296989E-0170-4366-B089-49817A39C3D2}</UniqueIdentifier>
        </Filter>
        <Filter Include="simple_library\private\simple_core_minimal\simple_c_time">
            <UniqueIdentifier>{BA1CED1B-016A-4B58-86B8-DC8C742BDEF6}</UniqueIdentifier>
        </Filter>
        <Filter Include="simple_library\private\simple_core_minimal\simple_c_windows">
            <UniqueIdentifier>{6D1094C9-18CD-47E9-927C-CD53EDAA09FC}</UniqueIdentifier>
        </Filter>
        <Filter Include="simple_library\private\simple_cpp_core_minimal">
            <UniqueIdentifier>{4ED356A7-F4F3-4BAD-AB40-312CA168EE92}</UniqueIdentifier>
        </Filter>
        <Filter Include="simple_library\private\simple_cpp_core_minimal\simple_cpp_helper_file">
            <UniqueIdentifier>{5FB68D30-5FC3-4261-9EA4-D50AC73C858A}</UniqueIdentifier>
        </Filter>
        <Filter Include="simple_library\private\simple_cpp_core_minimal\simple_cpp_string_algorithm">
            <UniqueIdentifier>{652FB02D-492B-45DD-81AF-992F2AC54652}</UniqueIdentifier>
        </Filter>
        <Filter Include="simple_library\private\simple_c_log">
            <UniqueIdentifier>{D657A3EE-2B8F-4FE0-9B38-D0AF83845C4A}</UniqueIdentifier>
        </Filter>
        <Filter Include="simple_library\private\simple_image">
            <UniqueIdentifier>{A171C6E2-703E-4662-B448-90788891F213}</UniqueIdentifier>
        </Filter>
        <Filter Include="simple_library\private\simple_image\Core">
            <UniqueIdentifier>{329068FA-DAFE-48A9-B3C3-EE0427CEEC28}</UniqueIdentifier>
        </Filter>
        <Filter Include="simple_library\private\simple_math">
            <UniqueIdentifier>{6D17A58B-1349-4359-8157-7F18C1249A03}</UniqueIdentifier>
        </Filter>
        <Filter Include="simple_library\private\simple_math\soft_rasterization">
            <UniqueIdentifier>{7014F925-C759-4F21-95BA-0B0137C62316}</UniqueIdentifier>
        </Filter>
        <Filter Include="simple_library\private\simple_math\transformation">
            <UniqueIdentifier>{A40E3C5C-0F5D-4589-A66F-E8BCF007B134}</UniqueIdentifier>
        </Filter>
        <Filter Include="simple_library\private\simple_math\transformation\matrix">
            <UniqueIdentifier>{F8B00FED-79B8-42D5-9FE2-096BF3E37B03}</UniqueIdentifier>
        </Filter>
        <Filter Include="simple_library\private\simple_math\transformation\primitives">
            <UniqueIdentifier>{D72B4E71-306D-4308-B0F9-74467DB5271E}</UniqueIdentifier>
        </Filter>
        <Filter Include="simple_library\private\simple_math\transformation\quaternion">
            <UniqueIdentifier>{204A6919-55C9-401A-B40B-818005BD3DA7}</UniqueIdentifier>
        </Filter>
        <Filter Include="simple_library\private\simple_math\transformation\rotator">
            <UniqueIdentifier>{BBF55522-B6B2-42A9-97F8-77E907C992E6}</UniqueIdentifier>
        </Filter>
        <Filter Include="simple_library\private\simple_math\transformation\vector">
            <UniqueIdentifier>{21911379-7205-496F-B94A-EFECF48F4CB8}</UniqueIdentifier>
        </Filter>
        <Filter Include="simple_library\public">
            <UniqueIdentifier>{35862E15-B61A-4414-A566-47B39C6A23C4}</UniqueIdentifier>
        </Filter>
        <Filter Include="simple_library\public\simple_array">
            <UniqueIdentifier>{441A0259-0205-4A96-AED6-36104788A5B2}</UniqueIdentifier>
        </Filter>
        <Filter Include="simple_library\public\simple_channel">
            <UniqueIdentifier>{189EE3ED-E01F-4D52-B3FB-8D195B7D87A1}</UniqueIdentifier>
        </Filter>
        <Filter Include="simple_library\public\simple_channel\simple_core">
            <UniqueIdentifier>{D784400E-52B5-4EE6-90D2-823F72B59505}</UniqueIdentifier>
        </Filter>
        <Filter Include="simple_library\public\simple_core_minimal">
            <UniqueIdentifier>{A41DB27D-0120-483F-8F91-D8F4BA590F16}</UniqueIdentifier>
        </Filter>
        <Filter Include="simple_library\public\simple_core_minimal\simple_c_core">
            <UniqueIdentifier>{70553AD8-C134-4E00-BA0A-A14D810D0736}</UniqueIdentifier>
        </Filter>
        <Filter Include="simple_library\public\simple_core_minimal\simple_c_core\simple_c_array">
            <UniqueIdentifier>{00F9DECB-679C-4ED1-A7DC-D23CCA4B894E}</UniqueIdentifier>
        </Filter>
        <Filter Include="simple_library\public\simple_core_minimal\simple_c_core\simple_c_array\Core">
            <UniqueIdentifier>{C5487A8C-BAB6-4360-9B27-C1E3DEFEE750}</UniqueIdentifier>
        </Filter>
        <Filter Include="simple_library\public\simple_core_minimal\simple_c_core\simple_c_string_algorithm">
            <UniqueIdentifier>{E4A45711-5BAB-4AF9-8E00-420CA150DCCD}</UniqueIdentifier>
        </Filter>
        <Filter Include="simple_library\public\simple_core_minimal\simple_c_guid">
            <UniqueIdentifier>{53625AE2-E14F-4C51-98B1-771C30DD253C}</UniqueIdentifier>
        </Filter>
        <Filter Include="simple_library\public\simple_core_minimal\simple_c_helper_file">
            <UniqueIdentifier>{5F46568F-9B36-4C5E-A882-DCDCCC513BB2}</UniqueIdentifier>
        </Filter>
        <Filter Include="simple_library\public\simple_core_minimal\simple_c_path">
            <UniqueIdentifier>{FEB3C61E-0D90-430B-A04E-265DD9C9906C}</UniqueIdentifier>
        </Filter>
        <Filter Include="simple_library\public\simple_core_minimal\simple_c_time">
            <UniqueIdentifier>{C69B946F-7EE6-49D5-87AF-10B7E5C6BB91}</UniqueIdentifier>
        </Filter>
        <Filter Include="simple_library\public\simple_core_minimal\simple_c_windows">
            <UniqueIdentifier>{3C780D83-5257-4100-BB5E-5FD432322802}</UniqueIdentifier>
        </Filter>
        <Filter Include="simple_library\public\simple_cpp_core_minimal">
            <UniqueIdentifier>{81F08FB8-C0C6-416A-99F8-42C16C2217A9}</UniqueIdentifier>
        </Filter>
        <Filter Include="simple_library\public\simple_cpp_core_minimal\shared">
            <UniqueIdentifier>{F7890379-2202-4499-B4ED-E5EE3A2159E0}</UniqueIdentifier>
        </Filter>
        <Filter Include="simple_library\public\simple_cpp_core_minimal\simple_cpp_helper_file">
            <UniqueIdentifier>{C1D8B9F1-EF48-4DD4-8D5C-52BF1BEE7C19}</UniqueIdentifier>
        </Filter>
        <Filter Include="simple_library\public\simple_cpp_core_minimal\simple_cpp_string_algorithm">
            <UniqueIdentifier>{43E1E091-9B72-44E2-8D75-E20C2B2030CF}</UniqueIdentifier>
        </Filter>
        <Filter Include="simple_library\public\simple_c_log">
            <UniqueIdentifier>{CA6B4F0A-9359-4ADA-909B-99C96D683A78}</UniqueIdentifier>
        </Filter>
        <Filter Include="simple_library\public\simple_delegate">
            <UniqueIdentifier>{499DA62A-45E9-4537-8928-26A0B6466ED0}</UniqueIdentifier>
        </Filter>
        <Filter Include="simple_library\public\simple_image">
            <UniqueIdentifier>{1FB46B5F-2269-47DD-8DF2-6B0B0315C589}</UniqueIdentifier>
        </Filter>
        <Filter Include="simple_library\public\simple_image\Core">
            <UniqueIdentifier>{87D55B31-D309-49D1-8C89-AB3FAA53F685}</UniqueIdentifier>
        </Filter>
        <Filter Include="simple_library\public\simple_math">
            <UniqueIdentifier>{724DD7F1-9ECA-40FD-B2BA-5FDC84CB57BB}</UniqueIdentifier>
        </Filter>
        <Filter Include="simple_library\public\simple_math\soft_rasterization">
            <UniqueIdentifier>{4B2445CA-A7E1-4289-8425-ED811CD5A3D8}</UniqueIdentifier>
        </Filter>
        <Filter Include="simple_library\public\simple_math\transformation">
            <UniqueIdentifier>{1DE0E221-3C9A-4124-8011-FF0B9166A340}</UniqueIdentifier>
        </Filter>
        <Filter Include="simple_library\public\simple_math\transformation\matrix">
            <UniqueIdentifier>{0D624585-3A55-4541-BB3E-66BF5D9E93EB}</UniqueIdentifier>
        </Filter>
        <Filter Include="simple_library\public\simple_math\transformation\primitives">
            <UniqueIdentifier>{75369C01-AFAD-4891-880C-1E62FD509327}</UniqueIdentifier>
        </Filter>
        <Filter Include="simple_library\public\simple_math\transformation\quaternion">
            <UniqueIdentifier>{9A74811C-FE8E-406A-BC36-CFB5AEDC365B}</UniqueIdentifier>
        </Filter>
        <Filter Include="simple_library\public\simple_math\transformation\rotator">
            <UniqueIdentifier>{02941CBB-AA62-4B67-AA87-132F38E3F073}</UniqueIdentifier>
        </Filter>
        <Filter Include="simple_library\public\simple_math\transformation\vector">
            <UniqueIdentifier>{D7179E71-84D6-45F7-B2DF-818A52632A8E}</UniqueIdentifier>
        </Filter>
        <Filter Include="simple_library\third_party_library">
            <UniqueIdentifier>{388C451E-197F-477B-975C-8DEB525B7DC4}</UniqueIdentifier>
        </Filter>
        <Filter Include="simple_library\third_party_library\tinyxml">
            <UniqueIdentifier>{5CC1B442-5D11-4B5E-8377-8D15B16A3103}</UniqueIdentifier>
        </Filter>
    </ItemGroup>
    <ItemGroup>
        <ClCompile Include="Engine\Config\EngineRenderConfig.cpp">
            <Filter>Engine\Config</Filter>
        </ClCompile>
        <ClCompile Include="Engine\Core\Engine.cpp">
            <Filter>Engine\Core</Filter>
        </ClCompile>
        <ClCompile Include="Engine\Core\WinMainCommandParameters.cpp">
            <Filter>Engine\Core</Filter>
        </ClCompile>
        <ClCompile Include="Engine\Debug\EngineDebug.cpp">
            <Filter>Engine\Debug</Filter>
        </ClCompile>
        <ClCompile Include="Engine\EngineFactory.cpp">
            <Filter>Engine</Filter>
        </ClCompile>
        <ClCompile Include="Engine\PipiEngine.cpp">
            <Filter>Engine</Filter>
        </ClCompile>
        <ClCompile Include="Engine\Platform\Windows\WindowsEngine.cpp">
            <Filter>Engine\Platform\Windows</Filter>
        </ClCompile>
        <ClCompile Include="Engine\Platform\Windows\WindowsMessageProcessing.cpp">
            <Filter>Engine\Platform\Windows</Filter>
        </ClCompile>
        <ClCompile Include="simple_library\private\simple_channel\simple_io_stream\simple_io_stream.cpp">
            <Filter>simple_library\private\simple_channel\simple_io_stream</Filter>
        </ClCompile>
        <ClCompile Include="simple_library\private\simple_channel\simple_net_channel\simple_channel.cpp">
            <Filter>simple_library\private\simple_channel\simple_net_channel</Filter>
        </ClCompile>
        <ClCompile Include="simple_library\private\simple_channel\simple_net_connetion\simple_connetion.cpp">
            <Filter>simple_library\private\simple_channel\simple_net_connetion</Filter>
        </ClCompile>
        <ClCompile Include="simple_library\private\simple_channel\simple_net_connetion\simple_connetion_tcp.cpp">
            <Filter>simple_library\private\simple_channel\simple_net_connetion</Filter>
        </ClCompile>
        <ClCompile Include="simple_library\private\simple_channel\simple_net_connetion\simple_connetion_udp.cpp">
            <Filter>simple_library\private\simple_channel\simple_net_connetion</Filter>
        </ClCompile>
        <ClCompile Include="simple_library\private\simple_channel\simple_net_drive\simple_net_drive.cpp">
            <Filter>simple_library\private\simple_channel\simple_net_drive</Filter>
        </ClCompile>
        <ClCompile Include="simple_library\private\simple_channel\simple_net_drive\simple_net_drive_tcp.cpp">
            <Filter>simple_library\private\simple_channel\simple_net_drive</Filter>
        </ClCompile>
        <ClCompile Include="simple_library\private\simple_channel\simple_net_drive\simple_net_drive_udp.cpp">
            <Filter>simple_library\private\simple_channel\simple_net_drive</Filter>
        </ClCompile>
        <ClCompile Include="simple_library\private\simple_channel\simple_net_type.cpp">
            <Filter>simple_library\private\simple_channel</Filter>
        </ClCompile>
        <ClCompile Include="simple_library\private\simple_channel\simple_object.cpp">
            <Filter>simple_library\private\simple_channel</Filter>
        </ClCompile>
        <ClCompile Include="simple_library\private\simple_core_minimal\simple_c_core\simple_c_array\simple_c_array_string.c">
            <Filter>simple_library\private\simple_core_minimal\simple_c_core\simple_c_array</Filter>
        </ClCompile>
        <ClCompile Include="simple_library\private\simple_core_minimal\simple_c_core\simple_c_string_algorithm\string_algorithm.c">
            <Filter>simple_library\private\simple_core_minimal\simple_c_core\simple_c_string_algorithm</Filter>
        </ClCompile>
        <ClCompile Include="simple_library\private\simple_core_minimal\simple_c_guid\simple_guid.c">
            <Filter>simple_library\private\simple_core_minimal\simple_c_guid</Filter>
        </ClCompile>
        <ClCompile Include="simple_library\private\simple_core_minimal\simple_c_helper_file\simple_file_helper.c">
            <Filter>simple_library\private\simple_core_minimal\simple_c_helper_file</Filter>
        </ClCompile>
        <ClCompile Include="simple_library\private\simple_core_minimal\simple_c_path\simple_c_path.c">
            <Filter>simple_library\private\simple_core_minimal\simple_c_path</Filter>
        </ClCompile>
        <ClCompile Include="simple_library\private\simple_core_minimal\simple_c_time\simple_c_locale_list.c">
            <Filter>simple_library\private\simple_core_minimal\simple_c_time</Filter>
        </ClCompile>
        <ClCompile Include="simple_library\private\simple_core_minimal\simple_c_time\simple_c_time.c">
            <Filter>simple_library\private\simple_core_minimal\simple_c_time</Filter>
        </ClCompile>
        <ClCompile Include="simple_library\private\simple_core_minimal\simple_c_windows\simple_c_windows_register.c">
            <Filter>simple_library\private\simple_core_minimal\simple_c_windows</Filter>
        </ClCompile>
        <ClCompile Include="simple_library\private\simple_core_minimal\simple_c_windows\simple_c_windows_setting.c">
            <Filter>simple_library\private\simple_core_minimal\simple_c_windows</Filter>
        </ClCompile>
        <ClCompile Include="simple_library\private\simple_cpp_core_minimal\simple_cpp_helper_file\simple_cpp_helper_file.cpp">
            <Filter>simple_library\private\simple_cpp_core_minimal\simple_cpp_helper_file</Filter>
        </ClCompile>
        <ClCompile Include="simple_library\private\simple_cpp_core_minimal\simple_cpp_string_algorithm\simple_cpp_string_algorithm.cpp">
            <Filter>simple_library\private\simple_cpp_core_minimal\simple_cpp_string_algorithm</Filter>
        </ClCompile>
        <ClCompile Include="simple_library\private\simple_c_log\simple_c_log.c">
            <Filter>simple_library\private\simple_c_log</Filter>
        </ClCompile>
        <ClCompile Include="simple_library\private\simple_image\Core\simple_image_bmp.cpp">
            <Filter>simple_library\private\simple_image\Core</Filter>
        </ClCompile>
        <ClCompile Include="simple_library\private\simple_image\simple_image.cpp">
            <Filter>simple_library\private\simple_image</Filter>
        </ClCompile>
        <ClCompile Include="simple_library\private\simple_math\math_utils.cpp">
            <Filter>simple_library\private\simple_math</Filter>
        </ClCompile>
        <ClCompile Include="simple_library\private\simple_math\simple_math.c">
            <Filter>simple_library\private\simple_math</Filter>
        </ClCompile>
        <ClCompile Include="simple_library\private\simple_math\soft_rasterization\soft_rasterization.cpp">
            <Filter>simple_library\private\simple_math\soft_rasterization</Filter>
        </ClCompile>
        <ClCompile Include="simple_library\private\simple_math\transformation\matrix\matrix_2x2.cpp">
            <Filter>simple_library\private\simple_math\transformation\matrix</Filter>
        </ClCompile>
        <ClCompile Include="simple_library\private\simple_math\transformation\matrix\matrix_3x3.cpp">
            <Filter>simple_library\private\simple_math\transformation\matrix</Filter>
        </ClCompile>
        <ClCompile Include="simple_library\private\simple_math\transformation\matrix\matrix_4x4.cpp">
            <Filter>simple_library\private\simple_math\transformation\matrix</Filter>
        </ClCompile>
        <ClCompile Include="simple_library\private\simple_math\transformation\primitives\line.cpp">
            <Filter>simple_library\private\simple_math\transformation\primitives</Filter>
        </ClCompile>
        <ClCompile Include="simple_library\private\simple_math\transformation\primitives\triangle.cpp">
            <Filter>simple_library\private\simple_math\transformation\primitives</Filter>
        </ClCompile>
        <ClCompile Include="simple_library\private\simple_math\transformation\quaternion\quat.cpp">
            <Filter>simple_library\private\simple_math\transformation\quaternion</Filter>
        </ClCompile>
        <ClCompile Include="simple_library\private\simple_math\transformation\rotator\rotator.cpp">
            <Filter>simple_library\private\simple_math\transformation\rotator</Filter>
        </ClCompile>
        <ClCompile Include="simple_library\private\simple_math\transformation\vector\vector_2d.cpp">
            <Filter>simple_library\private\simple_math\transformation\vector</Filter>
        </ClCompile>
        <ClCompile Include="simple_library\private\simple_math\transformation\vector\vector_2id.cpp">
            <Filter>simple_library\private\simple_math\transformation\vector</Filter>
        </ClCompile>
        <ClCompile Include="simple_library\private\simple_math\transformation\vector\vector_3d.cpp">
            <Filter>simple_library\private\simple_math\transformation\vector</Filter>
        </ClCompile>
        <ClCompile Include="simple_library\private\simple_math\transformation\vector\vector_3id.cpp">
            <Filter>simple_library\private\simple_math\transformation\vector</Filter>
        </ClCompile>
        <ClCompile Include="simple_library\private\simple_math\transformation\vector\vector_4d.cpp">
            <Filter>simple_library\private\simple_math\transformation\vector</Filter>
        </ClCompile>
        <ClCompile Include="simple_library\private\simple_math\transformation\vector\vector_4id.cpp">
            <Filter>simple_library\private\simple_math\transformation\vector</Filter>
        </ClCompile>
        <ClCompile Include="simple_library\private\simple_math\transformation\vector\vector_color.cpp">
            <Filter>simple_library\private\simple_math\transformation\vector</Filter>
        </ClCompile>
        <ClCompile Include="simple_library\third_party_library\tinyxml\tinystr.cpp">
            <Filter>simple_library\third_party_library\tinyxml</Filter>
        </ClCompile>
        <ClCompile Include="simple_library\third_party_library\tinyxml\tinyxml.cpp">
            <Filter>simple_library\third_party_library\tinyxml</Filter>
        </ClCompile>
        <ClCompile Include="simple_library\third_party_library\tinyxml\tinyxmlerror.cpp">
            <Filter>simple_library\third_party_library\tinyxml</Filter>
        </ClCompile>
        <ClCompile Include="simple_library\third_party_library\tinyxml\tinyxmlparser.cpp">
            <Filter>simple_library\third_party_library\tinyxml</Filter>
        </ClCompile>
    </ItemGroup>
    <ItemGroup>
        <ClInclude Include="Engine\Config\EngineRenderConfig.h">
            <Filter>Engine\Config</Filter>
        </ClInclude>
        <ClInclude Include="Engine\Core\Engine.h">
            <Filter>Engine\Core</Filter>
        </ClInclude>
        <ClInclude Include="Engine\Core\WinMainCommandParameters.h">
            <Filter>Engine\Core</Filter>
        </ClInclude>
        <ClInclude Include="Engine\Debug\EngineDebug.h">
            <Filter>Engine\Debug</Filter>
        </ClInclude>
        <ClInclude Include="Engine\Debug\Log\SimpleLog.h">
            <Filter>Engine\Debug\Log</Filter>
        </ClInclude>
        <ClInclude Include="Engine\EngineFactory.h">
            <Filter>Engine</Filter>
        </ClInclude>
        <ClInclude Include="Engine\EngineMinimal.h">
            <Filter>Engine</Filter>
        </ClInclude>
        <ClInclude Include="Engine\Platform\Windows\WindowsEngine.h">
            <Filter>Engine\Platform\Windows</Filter>
        </ClInclude>
        <ClInclude Include="Engine\Platform\Windows\WindowsMessageProcessing.h">
            <Filter>Engine\Platform\Windows</Filter>
        </ClInclude>
        <ClInclude Include="simple_library\private\simple_channel\simple_net_connetion\simple_connetion_tcp.h">
            <Filter>simple_library\private\simple_channel\simple_net_connetion</Filter>
        </ClInclude>
        <ClInclude Include="simple_library\private\simple_channel\simple_net_connetion\simple_connetion_udp.h">
            <Filter>simple_library\private\simple_channel\simple_net_connetion</Filter>
        </ClInclude>
        <ClInclude Include="simple_library\private\simple_channel\simple_net_drive\simple_net_drive_tcp.h">
            <Filter>simple_library\private\simple_channel\simple_net_drive</Filter>
        </ClInclude>
        <ClInclude Include="simple_library\private\simple_channel\simple_net_drive\simple_net_drive_udp.h">
            <Filter>simple_library\private\simple_channel\simple_net_drive</Filter>
        </ClInclude>
        <ClInclude Include="simple_library\public\simple_array\simple_hash_array.h">
            <Filter>simple_library\public\simple_array</Filter>
        </ClInclude>
        <ClInclude Include="simple_library\public\simple_channel\simple_core\simple_channel.h">
            <Filter>simple_library\public\simple_channel\simple_core</Filter>
        </ClInclude>
        <ClInclude Include="simple_library\public\simple_channel\simple_core\simple_connetion.h">
            <Filter>simple_library\public\simple_channel\simple_core</Filter>
        </ClInclude>
        <ClInclude Include="simple_library\public\simple_channel\simple_core\simple_io_stream.h">
            <Filter>simple_library\public\simple_channel\simple_core</Filter>
        </ClInclude>
        <ClInclude Include="simple_library\public\simple_channel\simple_core\simple_net_macro.h">
            <Filter>simple_library\public\simple_channel\simple_core</Filter>
        </ClInclude>
        <ClInclude Include="simple_library\public\simple_channel\simple_core\simple_object.h">
            <Filter>simple_library\public\simple_channel\simple_core</Filter>
        </ClInclude>
        <ClInclude Include="simple_library\public\simple_channel\simple_net_drive.h">
            <Filter>simple_library\public\simple_channel</Filter>
        </ClInclude>
        <ClInclude Include="simple_library\public\simple_channel\simple_net_protocols.h">
            <Filter>simple_library\public\simple_channel</Filter>
        </ClInclude>
        <ClInclude Include="simple_library\public\simple_channel\simple_net_type.h">
            <Filter>simple_library\public\simple_channel</Filter>
        </ClInclude>
        <ClInclude Include="simple_library\public\simple_channel\simple_protocols_definition.h">
            <Filter>simple_library\public\simple_channel</Filter>
        </ClInclude>
        <ClInclude Include="simple_library\public\simple_core_minimal\simple_c_core\simple_core_minimal.h">
            <Filter>simple_library\public\simple_core_minimal\simple_c_core</Filter>
        </ClInclude>
        <ClInclude Include="simple_library\public\simple_core_minimal\simple_c_core\simple_c_array\Core\simple_array_c_macro.h">
            <Filter>simple_library\public\simple_core_minimal\simple_c_core\simple_c_array\Core</Filter>
        </ClInclude>
        <ClInclude Include="simple_library\public\simple_core_minimal\simple_c_core\simple_c_array\simple_c_array.h">
            <Filter>simple_library\public\simple_core_minimal\simple_c_core\simple_c_array</Filter>
        </ClInclude>
        <ClInclude Include="simple_library\public\simple_core_minimal\simple_c_core\simple_c_array\simple_c_array_string.h">
            <Filter>simple_library\public\simple_core_minimal\simple_c_core\simple_c_array</Filter>
        </ClInclude>
        <ClInclude Include="simple_library\public\simple_core_minimal\simple_c_core\simple_c_string_algorithm\string_algorithm.h">
            <Filter>simple_library\public\simple_core_minimal\simple_c_core\simple_c_string_algorithm</Filter>
        </ClInclude>
        <ClInclude Include="simple_library\public\simple_core_minimal\simple_c_guid\simple_guid.h">
            <Filter>simple_library\public\simple_core_minimal\simple_c_guid</Filter>
        </ClInclude>
        <ClInclude Include="simple_library\public\simple_core_minimal\simple_c_helper_file\simple_file_helper.h">
            <Filter>simple_library\public\simple_core_minimal\simple_c_helper_file</Filter>
        </ClInclude>
        <ClInclude Include="simple_library\public\simple_core_minimal\simple_c_path\simple_path.h">
            <Filter>simple_library\public\simple_core_minimal\simple_c_path</Filter>
        </ClInclude>
        <ClInclude Include="simple_library\public\simple_core_minimal\simple_c_time\simple_c_locale_list.h">
            <Filter>simple_library\public\simple_core_minimal\simple_c_time</Filter>
        </ClInclude>
        <ClInclude Include="simple_library\public\simple_core_minimal\simple_c_time\simple_c_time.h">
            <Filter>simple_library\public\simple_core_minimal\simple_c_time</Filter>
        </ClInclude>
        <ClInclude Include="simple_library\public\simple_core_minimal\simple_c_windows\simple_c_windows_register.h">
            <Filter>simple_library\public\simple_core_minimal\simple_c_windows</Filter>
        </ClInclude>
        <ClInclude Include="simple_library\public\simple_core_minimal\simple_c_windows\simple_c_windows_setting.h">
            <Filter>simple_library\public\simple_core_minimal\simple_c_windows</Filter>
        </ClInclude>
        <ClInclude Include="simple_library\public\simple_cpp_core_minimal\shared\simple_cpp_shared_ptr.h">
            <Filter>simple_library\public\simple_cpp_core_minimal\shared</Filter>
        </ClInclude>
        <ClInclude Include="simple_library\public\simple_cpp_core_minimal\shared\simple_cpp_shared_ptr_type.h">
            <Filter>simple_library\public\simple_cpp_core_minimal\shared</Filter>
        </ClInclude>
        <ClInclude Include="simple_library\public\simple_cpp_core_minimal\simple_cpp_core_minimal.h">
            <Filter>simple_library\public\simple_cpp_core_minimal</Filter>
        </ClInclude>
        <ClInclude Include="simple_library\public\simple_cpp_core_minimal\simple_cpp_helper_file\simple_cpp_helper_file.h">
            <Filter>simple_library\public\simple_cpp_core_minimal\simple_cpp_helper_file</Filter>
        </ClInclude>
        <ClInclude Include="simple_library\public\simple_cpp_core_minimal\simple_cpp_string_algorithm\simple_cpp_string_algorithm.h">
            <Filter>simple_library\public\simple_cpp_core_minimal\simple_cpp_string_algorithm</Filter>
        </ClInclude>
        <ClInclude Include="simple_library\public\simple_c_log\simple_c_log.h">
            <Filter>simple_library\public\simple_c_log</Filter>
        </ClInclude>
        <ClInclude Include="simple_library\public\simple_delegate\simple_delegate.h">
            <Filter>simple_library\public\simple_delegate</Filter>
        </ClInclude>
        <ClInclude Include="simple_library\public\simple_image\Core\simple_image_bmp.h">
            <Filter>simple_library\public\simple_image\Core</Filter>
        </ClInclude>
        <ClInclude Include="simple_library\public\simple_image\Core\simple_image_type.h">
            <Filter>simple_library\public\simple_image\Core</Filter>
        </ClInclude>
        <ClInclude Include="simple_library\public\simple_image\simple_image.h">
            <Filter>simple_library\public\simple_image</Filter>
        </ClInclude>
        <ClInclude Include="simple_library\public\simple_library.h">
            <Filter>simple_library\public</Filter>
        </ClInclude>
        <ClInclude Include="simple_library\public\simple_library_macro.h">
            <Filter>simple_library\public</Filter>
        </ClInclude>
        <ClInclude Include="simple_library\public\simple_math\math_libray.hpp">
            <Filter>simple_library\public\simple_math</Filter>
        </ClInclude>
        <ClInclude Include="simple_library\public\simple_math\math_utils.h">
            <Filter>simple_library\public\simple_math</Filter>
        </ClInclude>
        <ClInclude Include="simple_library\public\simple_math\simple_core_math.h">
            <Filter>simple_library\public\simple_math</Filter>
        </ClInclude>
        <ClInclude Include="simple_library\public\simple_math\simple_math.h">
            <Filter>simple_library\public\simple_math</Filter>
        </ClInclude>
        <ClInclude Include="simple_library\public\simple_math\soft_rasterization\soft_rasterization.h">
            <Filter>simple_library\public\simple_math\soft_rasterization</Filter>
        </ClInclude>
        <ClInclude Include="simple_library\public\simple_math\transformation\matrix\matrix_2x2.h">
            <Filter>simple_library\public\simple_math\transformation\matrix</Filter>
        </ClInclude>
        <ClInclude Include="simple_library\public\simple_math\transformation\matrix\matrix_3x3.h">
            <Filter>simple_library\public\simple_math\transformation\matrix</Filter>
        </ClInclude>
        <ClInclude Include="simple_library\public\simple_math\transformation\matrix\matrix_4x4.h">
            <Filter>simple_library\public\simple_math\transformation\matrix</Filter>
        </ClInclude>
        <ClInclude Include="simple_library\public\simple_math\transformation\primitives\line.h">
            <Filter>simple_library\public\simple_math\transformation\primitives</Filter>
        </ClInclude>
        <ClInclude Include="simple_library\public\simple_math\transformation\primitives\triangle.h">
            <Filter>simple_library\public\simple_math\transformation\primitives</Filter>
        </ClInclude>
        <ClInclude Include="simple_library\public\simple_math\transformation\quaternion\quat.h">
            <Filter>simple_library\public\simple_math\transformation\quaternion</Filter>
        </ClInclude>
        <ClInclude Include="simple_library\public\simple_math\transformation\rotator\rotator.h">
            <Filter>simple_library\public\simple_math\transformation\rotator</Filter>
        </ClInclude>
        <ClInclude Include="simple_library\public\simple_math\transformation\vector\vector_2d.h">
            <Filter>simple_library\public\simple_math\transformation\vector</Filter>
        </ClInclude>
        <ClInclude Include="simple_library\public\simple_math\transformation\vector\vector_2id.h">
            <Filter>simple_library\public\simple_math\transformation\vector</Filter>
        </ClInclude>
        <ClInclude Include="simple_library\public\simple_math\transformation\vector\vector_3d.h">
            <Filter>simple_library\public\simple_math\transformation\vector</Filter>
        </ClInclude>
        <ClInclude Include="simple_library\public\simple_math\transformation\vector\vector_3id.h">
            <Filter>simple_library\public\simple_math\transformation\vector</Filter>
        </ClInclude>
        <ClInclude Include="simple_library\public\simple_math\transformation\vector\vector_4d.h">
            <Filter>simple_library\public\simple_math\transformation\vector</Filter>
        </ClInclude>
        <ClInclude Include="simple_library\public\simple_math\transformation\vector\vector_4id.h">
            <Filter>simple_library\public\simple_math\transformation\vector</Filter>
        </ClInclude>
        <ClInclude Include="simple_library\public\simple_math\transformation\vector\vector_color.h">
            <Filter>simple_library\public\simple_math\transformation\vector</Filter>
        </ClInclude>
        <ClInclude Include="simple_library\third_party_library\tinyxml\tinystr.h">
            <Filter>simple_library\third_party_library\tinyxml</Filter>
        </ClInclude>
        <ClInclude Include="simple_library\third_party_library\tinyxml\tinyxml.h">
            <Filter>simple_library\third_party_library\tinyxml</Filter>
        </ClInclude>
    </ItemGroup>
</Project>
